# This file is autogenerated, do not edit; changes may be undone by the next 'dep ensure'.


[[projects]]
  digest = "1:368def00eae488296113b74b88b546b656ae09ac46f460e29d2be2347a8f5faa"
  name = "github.com/aws/aws-lambda-go"
  packages = [
    "events",
    "lambda",
    "lambda/handlertrace",
    "lambda/messages",
    "lambdacontext",
  ]
  pruneopts = "UT"
  revision = "c67fadea00272ce2b8227d4ca900da882b290694"
  version = "v1.17.0"

[[projects]]
  digest = "1:41dd6c66548c6a8e3a9bbb38132002f1907547f99246070aff172afaae51d657"
  name = "github.com/fnproject/fdk-go"
  packages = ["."]
  pruneopts = "UT"
  revision = "2ad3d2d98fa8bec0b8b1cb8f8d8c2c3a3e71bac9"
  version = "v0.0.2"

[[projects]]
  digest = "1:01a3bf7bc37c96547897d253f8437c89cd8e80ea0211ff5f440fbc19f44cd14e"
  name = "github.com/graphql-go/graphql"
  packages = [
    ".",
    "gqlerrors",
    "language/ast",
    "language/kinds",
    "language/lexer",
    "language/location",
    "language/parser",
    "language/printer",
    "language/source",
    "language/typeInfo",
    "language/visitor",
  ]
  pruneopts = "UT"
  revision = "02caa8943d64d9cd60bd67f2bc163676716bb963"
  version = "v0.7.9"

[[projects]]
  branch = "master"
  digest = "1:bf0846d66b88f24ea8d62cf10bf171eb5fca8edc5520076cad43bb56bc77588b"
  name = "github.com/tencentyun/scf-go-lib"
  packages = [
    "cloudfunction",
    "cloudfunction/messages",
    "functioncontext",
  ]
  pruneopts = "UT"
  revision = "ba679e2ec9c958562028e5b355406a05edef1699"

[solve-meta]
  analyzer-name = "dep"
  analyzer-version = 1
  input-imports = [
    "github.com/aws/aws-lambda-go/events",
    "github.com/aws/aws-lambda-go/lambda",
    "github.com/fnproject/fdk-go",
    "github.com/graphql-go/graphql",
    "github.com/tencentyun/scf-go-lib/cloudfunction",
  ]
  solver-name = "gps-cdcl"
  solver-version = 1
